
Microsoft Visual Studio Solution File, Format Version 12.00
# Visual Studio Version 17
VisualStudioVersion = 17.9.34728.123
MinimumVisualStudioVersion = 10.0.40219.1
Project("{FAE04EC0-301F-11D3-BF4B-00C04F79EFBC}") = "MagicVilla_API", "MagicVilla_API\MagicVilla_API.csproj", "{7D462950-290C-4C0D-BD94-D31666DB124A}"
EndProject
Global
	GlobalSection(SolutionConfigurationPlatforms) = preSolution
		Debug|Any CPU = Debug|Any CPU
		Release|Any CPU = Release|Any CPU
	EndGlobalSection
	GlobalSection(ProjectConfigurationPlatforms) = postSolution
		{7D462950-290C-4C0D-BD94-D31666DB124A}.Debug|Any CPU.ActiveCfg = Debug|Any CPU
		{7D462950-290C-4C0D-BD94-D31666DB124A}.Debug|Any CPU.Build.0 = Debug|Any CPU
		{7D462950-290C-4C0D-BD94-D31666DB124A}.Release|Any CPU.ActiveCfg = Release|Any CPU
		{7D462950-290C-4C0D-BD94-D31666DB124A}.Release|Any CPU.Build.0 = Release|Any CPU
	EndGlobalSection
	GlobalSection(SolutionProperties) = preSolution
		HideSolutionNode = FALSE
	EndGlobalSection
	GlobalSection(ExtensibilityGlobals) = postSolution
		SolutionGuid = {A1692309-F56A-4BEA-82D8-D52A1E976517}
	EndGlobalSection
EndGlobal
